Microsoft Visual Studio Solution File, Format Version 12.00
# Visual Studio Version 17
VisualStudioVersion = 17.5.2.0
MinimumVisualStudioVersion = 10.0.40219.1
Project("{FAE04EC0-301F-11D3-BF4B-00C04F79EFBC}") = "TaskManager.Entities", "TaskManager.Entities.csproj", "{E2DCE290-07E9-3057-45DD-844F9877DC70}"
EndProject
Global
	GlobalSection(SolutionConfigurationPlatforms) = preSolution
		Debug|Any CPU = Debug|Any CPU
		Release|Any CPU = Release|Any CPU
	EndGlobalSection
	GlobalSection(ProjectConfigurationPlatforms) = postSolution
		{E2DCE290-07E9-3057-45DD-844F9877DC70}.Debug|Any CPU.ActiveCfg = Debug|Any CPU
		{E2DCE290-07E9-3057-45DD-844F9877DC70}.Debug|Any CPU.Build.0 = Debug|Any CPU
		{E2DCE290-07E9-3057-45DD-844F9877DC70}.Release|Any CPU.ActiveCfg = Release|Any CPU
		{E2DCE290-07E9-3057-45DD-844F9877DC70}.Release|Any CPU.Build.0 = Release|Any CPU
	EndGlobalSection
	GlobalSection(SolutionProperties) = preSolution
		HideSolutionNode = FALSE
	EndGlobalSection
	GlobalSection(ExtensibilityGlobals) = postSolution
		SolutionGuid = {5C9EBF62-6E77-47E5-82BE-217FB83B1827}
	EndGlobalSection
EndGlobal
